
Microsoft Visual Studio Solution File, Format Version 12.00
Project("{FAE04EC0-301F-11D3-BF4B-00C04F79EFBC}") = "NotepadWebApp.Service", "NotepadWebApp.Service\NotepadWebApp.Service.csproj", "{901816E3-12EE-4045-BE38-9229A923E0F0}"
EndProject
Project("{FAE04EC0-301F-11D3-BF4B-00C04F79EFBC}") = "NotepadWebApp.DataAccess", "NotepadWebApp.DataAccess\NotepadWebApp.DataAccess.csproj", "{FA277AE7-7983-4226-AB1A-018EED9B5001}"
EndProject
Global
	GlobalSection(SolutionConfigurationPlatforms) = preSolution
		Debug|Any CPU = Debug|Any CPU
		Release|Any CPU = Release|Any CPU
	EndGlobalSection
	GlobalSection(ProjectConfigurationPlatforms) = postSolution
		{901816E3-12EE-4045-BE38-9229A923E0F0}.Debug|Any CPU.ActiveCfg = Debug|Any CPU
		{901816E3-12EE-4045-BE38-9229A923E0F0}.Debug|Any CPU.Build.0 = Debug|Any CPU
		{901816E3-12EE-4045-BE38-9229A923E0F0}.Release|Any CPU.ActiveCfg = Release|Any CPU
		{901816E3-12EE-4045-BE38-9229A923E0F0}.Release|Any CPU.Build.0 = Release|Any CPU
		{FA277AE7-7983-4226-AB1A-018EED9B5001}.Debug|Any CPU.ActiveCfg = Debug|Any CPU
		{FA277AE7-7983-4226-AB1A-018EED9B5001}.Debug|Any CPU.Build.0 = Debug|Any CPU
		{FA277AE7-7983-4226-AB1A-018EED9B5001}.Release|Any CPU.ActiveCfg = Release|Any CPU
		{FA277AE7-7983-4226-AB1A-018EED9B5001}.Release|Any CPU.Build.0 = Release|Any CPU
	EndGlobalSection
EndGlobal
